
Microsoft Visual Studio Solution File, Format Version 12.00
# Visual Studio Version 17
Project("{2150E333-8FDC-42A3-9474-1A3956D46DE8}") = "CMakePredefinedTargets", "CMakePredefinedTargets", "{D5ABE29D-29C3-3E32-AE8A-DA5F28DD64DD}"
EndProject
Project("{2150E333-8FDC-42A3-9474-1A3956D46DE8}") = "GLFW3", "GLFW3", "{CCFB4510-2BAA-31B4-821A-B7A1AAF6F6EC}"
EndProject
Project("{2150E333-8FDC-42A3-9474-1A3956D46DE8}") = "Examples", "GLFW3\Examples", "{E6C13FCC-D52C-3362-86A3-C10BE94B7441}"
EndProject
Project("{2150E333-8FDC-42A3-9474-1A3956D46DE8}") = "Tests", "GLFW3\Tests", "{0DAC3E42-E233-3FFE-96F0-A58BE929057B}"
EndProject
Project("{8BC9CEB8-8B4A-11D0-8D11-00A0C91BC942}") = "ALL_BUILD", "ALL_BUILD.vcxproj", "{847C85A3-E7F7-3E6D-88A8-16938A808B00}"
	ProjectSection(ProjectDependencies) = postProject
		{F97D1CDF-1386-361F-B771-5C821766FDF5} = {F97D1CDF-1386-361F-B771-5C821766FDF5}
		{8208152A-284B-36EE-9F2B-E1E3BD5E9C33} = {8208152A-284B-36EE-9F2B-E1E3BD5E9C33}
		{F3F6C016-0DE5-3074-B4EC-C4E50E46462D} = {F3F6C016-0DE5-3074-B4EC-C4E50E46462D}
		{B587576D-898B-344E-83A2-05F8FCF8C4EC} = {B587576D-898B-344E-83A2-05F8FCF8C4EC}
		{2434A2F6-5421-3E6A-942D-2A90DE2E33CF} = {2434A2F6-5421-3E6A-942D-2A90DE2E33CF}
		{9C8BA361-9908-3B27-99C7-B519C4816CC1} = {9C8BA361-9908-3B27-99C7-B519C4816CC1}
		{344FD3EE-13CC-34D4-A0A2-A5E3CAF6F7C8} = {344FD3EE-13CC-34D4-A0A2-A5E3CAF6F7C8}
		{F8CF1CCC-8B75-3B78-B6EB-1DD1D878F72F} = {F8CF1CCC-8B75-3B78-B6EB-1DD1D878F72F}
		{F184DECC-32E4-32FA-A0D1-285E22A61E1C} = {F184DECC-32E4-32FA-A0D1-285E22A61E1C}
		{047EB6F1-E85A-346A-9147-4BBE6ABEB84D} = {047EB6F1-E85A-346A-9147-4BBE6ABEB84D}
		{5E6340D8-BFD8-367E-882F-68B426B465A0} = {5E6340D8-BFD8-367E-882F-68B426B465A0}
		{E3BF2FE4-989E-315F-B986-4B22F6D32CD6} = {E3BF2FE4-989E-315F-B986-4B22F6D32CD6}
		{648F34CC-632A-3D46-A330-AE9085954B8D} = {648F34CC-632A-3D46-A330-AE9085954B8D}
		{88F6ABBE-1E58-39A6-9FF9-DEA5E603AA08} = {88F6ABBE-1E58-39A6-9FF9-DEA5E603AA08}
		{35C97722-9FE1-3C78-B95C-0062E1A302C4} = {35C97722-9FE1-3C78-B95C-0062E1A302C4}
		{CD8BFE93-C7A9-373C-929D-8ED6758E3B75} = {CD8BFE93-C7A9-373C-929D-8ED6758E3B75}
		{12257CB2-366E-3527-AEE6-8B25F59A5433} = {12257CB2-366E-3527-AEE6-8B25F59A5433}
		{586546C9-0161-309A-8F0B-85A769D7EA11} = {586546C9-0161-309A-8F0B-85A769D7EA11}
		{7A4180F7-D13B-34A4-8918-5588B2F639FC} = {7A4180F7-D13B-34A4-8918-5588B2F639FC}
		{AE89D489-2550-38DA-B65D-5968160C90E2} = {AE89D489-2550-38DA-B65D-5968160C90E2}
		{E42F147B-374A-3464-BA91-7CB03A6258F0} = {E42F147B-374A-3464-BA91-7CB03A6258F0}
		{F5712BC6-1557-39FE-806A-5EFDCFE21653} = {F5712BC6-1557-39FE-806A-5EFDCFE21653}
		{5B54A4CE-E718-3946-8FBC-803F3AC812CB} = {5B54A4CE-E718-3946-8FBC-803F3AC812CB}
		{75C52B6E-6837-3D2E-85A7-2AE54DF3F926} = {75C52B6E-6837-3D2E-85A7-2AE54DF3F926}
		{E9BC49C5-EA99-3EB9-94F9-7BA3B320EF74} = {E9BC49C5-EA99-3EB9-94F9-7BA3B320EF74}
		{87CF3EC9-1D8C-3599-9703-CA2DDD89D7D9} = {87CF3EC9-1D8C-3599-9703-CA2DDD89D7D9}
		{4326C3FC-BE44-315F-B42B-10ABF7BC2F90} = {4326C3FC-BE44-315F-B42B-10ABF7BC2F90}
		{C57F1DD5-084D-3D3A-B630-6D141CAB73EB} = {C57F1DD5-084D-3D3A-B630-6D141CAB73EB}
		{91821AFD-4FF6-3B4C-A6E7-826943863539} = {91821AFD-4FF6-3B4C-A6E7-826943863539}
		{CF0A218A-C42E-3769-BE3C-FAD34C3354D8} = {CF0A218A-C42E-3769-BE3C-FAD34C3354D8}
		{055BEC62-3B66-3B91-96D9-BAAD6EBC4B1D} = {055BEC62-3B66-3B91-96D9-BAAD6EBC4B1D}
		{92D7912F-32B6-3FF6-93E1-E3D5B4FEB819} = {92D7912F-32B6-3FF6-93E1-E3D5B4FEB819}
		{FD5A03DC-B57B-35C1-844E-E7333BBF0755} = {FD5A03DC-B57B-35C1-844E-E7333BBF0755}
	EndProjectSection
EndProject
Project("{8BC9CEB8-8B4A-11D0-8D11-00A0C91BC942}") = "INSTALL", "INSTALL.vcxproj", "{CEE2A9AA-B577-3596-AC05-4EE89941ED3A}"
	ProjectSection(ProjectDependencies) = postProject
		{847C85A3-E7F7-3E6D-88A8-16938A808B00} = {847C85A3-E7F7-3E6D-88A8-16938A808B00}
		{F97D1CDF-1386-361F-B771-5C821766FDF5} = {F97D1CDF-1386-361F-B771-5C821766FDF5}
	EndProjectSection
EndProject
Project("{8BC9CEB8-8B4A-11D0-8D11-00A0C91BC942}") = "ZERO_CHECK", "ZERO_CHECK.vcxproj", "{F97D1CDF-1386-361F-B771-5C821766FDF5}"
	ProjectSection(ProjectDependencies) = postProject
	EndProjectSection
EndProject
Project("{8BC9CEB8-8B4A-11D0-8D11-00A0C91BC942}") = "allocator", "tests\allocator.vcxproj", "{8208152A-284B-36EE-9F2B-E1E3BD5E9C33}"
	ProjectSection(ProjectDependencies) = postProject
		{F97D1CDF-1386-361F-B771-5C821766FDF5} = {F97D1CDF-1386-361F-B771-5C821766FDF5}
		{047EB6F1-E85A-346A-9147-4BBE6ABEB84D} = {047EB6F1-E85A-346A-9147-4BBE6ABEB84D}
	EndProjectSection
EndProject
Project("{8BC9CEB8-8B4A-11D0-8D11-00A0C91BC942}") = "boing", "examples\boing.vcxproj", "{F3F6C016-0DE5-3074-B4EC-C4E50E46462D}"
	ProjectSection(ProjectDependencies) = postProject
		{F97D1CDF-1386-361F-B771-5C821766FDF5} = {F97D1CDF-1386-361F-B771-5C821766FDF5}
		{047EB6F1-E85A-346A-9147-4BBE6ABEB84D} = {047EB6F1-E85A-346A-9147-4BBE6ABEB84D}
	EndProjectSection
EndProject
Project("{8BC9CEB8-8B4A-11D0-8D11-00A0C91BC942}") = "clipboard", "tests\clipboard.vcxproj", "{B587576D-898B-344E-83A2-05F8FCF8C4EC}"
	ProjectSection(ProjectDependencies) = postProject
		{F97D1CDF-1386-361F-B771-5C821766FDF5} = {F97D1CDF-1386-361F-B771-5C821766FDF5}
		{047EB6F1-E85A-346A-9147-4BBE6ABEB84D} = {047EB6F1-E85A-346A-9147-4BBE6ABEB84D}
	EndProjectSection
EndProject
Project("{8BC9CEB8-8B4A-11D0-8D11-00A0C91BC942}") = "cursor", "tests\cursor.vcxproj", "{2434A2F6-5421-3E6A-942D-2A90DE2E33CF}"
	ProjectSection(ProjectDependencies) = postProject
		{F97D1CDF-1386-361F-B771-5C821766FDF5} = {F97D1CDF-1386-361F-B771-5C821766FDF5}
		{047EB6F1-E85A-346A-9147-4BBE6ABEB84D} = {047EB6F1-E85A-346A-9147-4BBE6ABEB84D}
	EndProjectSection
EndProject
Project("{8BC9CEB8-8B4A-11D0-8D11-00A0C91BC942}") = "empty", "tests\empty.vcxproj", "{9C8BA361-9908-3B27-99C7-B519C4816CC1}"
	ProjectSection(ProjectDependencies) = postProject
		{F97D1CDF-1386-361F-B771-5C821766FDF5} = {F97D1CDF-1386-361F-B771-5C821766FDF5}
		{047EB6F1-E85A-346A-9147-4BBE6ABEB84D} = {047EB6F1-E85A-346A-9147-4BBE6ABEB84D}
	EndProjectSection
EndProject
Project("{8BC9CEB8-8B4A-11D0-8D11-00A0C91BC942}") = "events", "tests\events.vcxproj", "{344FD3EE-13CC-34D4-A0A2-A5E3CAF6F7C8}"
	ProjectSection(ProjectDependencies) = postProject
		{F97D1CDF-1386-361F-B771-5C821766FDF5} = {F97D1CDF-1386-361F-B771-5C821766FDF5}
		{047EB6F1-E85A-346A-9147-4BBE6ABEB84D} = {047EB6F1-E85A-346A-9147-4BBE6ABEB84D}
	EndProjectSection
EndProject
Project("{8BC9CEB8-8B4A-11D0-8D11-00A0C91BC942}") = "gamma", "tests\gamma.vcxproj", "{F8CF1CCC-8B75-3B78-B6EB-1DD1D878F72F}"
	ProjectSection(ProjectDependencies) = postProject
		{F97D1CDF-1386-361F-B771-5C821766FDF5} = {F97D1CDF-1386-361F-B771-5C821766FDF5}
		{047EB6F1-E85A-346A-9147-4BBE6ABEB84D} = {047EB6F1-E85A-346A-9147-4BBE6ABEB84D}
	EndProjectSection
EndProject
Project("{8BC9CEB8-8B4A-11D0-8D11-00A0C91BC942}") = "gears", "examples\gears.vcxproj", "{F184DECC-32E4-32FA-A0D1-285E22A61E1C}"
	ProjectSection(ProjectDependencies) = postProject
		{F97D1CDF-1386-361F-B771-5C821766FDF5} = {F97D1CDF-1386-361F-B771-5C821766FDF5}
		{047EB6F1-E85A-346A-9147-4BBE6ABEB84D} = {047EB6F1-E85A-346A-9147-4BBE6ABEB84D}
	EndProjectSection
EndProject
Project("{8BC9CEB8-8B4A-11D0-8D11-00A0C91BC942}") = "glfw", "src\glfw.vcxproj", "{047EB6F1-E85A-346A-9147-4BBE6ABEB84D}"
	ProjectSection(ProjectDependencies) = postProject
		{F97D1CDF-1386-361F-B771-5C821766FDF5} = {F97D1CDF-1386-361F-B771-5C821766FDF5}
	EndProjectSection
EndProject
Project("{8BC9CEB8-8B4A-11D0-8D11-00A0C91BC942}") = "glfwinfo", "tests\glfwinfo.vcxproj", "{5E6340D8-BFD8-367E-882F-68B426B465A0}"
	ProjectSection(ProjectDependencies) = postProject
		{F97D1CDF-1386-361F-B771-5C821766FDF5} = {F97D1CDF-1386-361F-B771-5C821766FDF5}
		{047EB6F1-E85A-346A-9147-4BBE6ABEB84D} = {047EB6F1-E85A-346A-9147-4BBE6ABEB84D}
	EndProjectSection
EndProject
Project("{8BC9CEB8-8B4A-11D0-8D11-00A0C91BC942}") = "heightmap", "examples\heightmap.vcxproj", "{E3BF2FE4-989E-315F-B986-4B22F6D32CD6}"
	ProjectSection(ProjectDependencies) = postProject
		{F97D1CDF-1386-361F-B771-5C821766FDF5} = {F97D1CDF-1386-361F-B771-5C821766FDF5}
		{047EB6F1-E85A-346A-9147-4BBE6ABEB84D} = {047EB6F1-E85A-346A-9147-4BBE6ABEB84D}
	EndProjectSection
EndProject
Project("{8BC9CEB8-8B4A-11D0-8D11-00A0C91BC942}") = "icon", "tests\icon.vcxproj", "{648F34CC-632A-3D46-A330-AE9085954B8D}"
	ProjectSection(ProjectDependencies) = postProject
		{F97D1CDF-1386-361F-B771-5C821766FDF5} = {F97D1CDF-1386-361F-B771-5C821766FDF5}
		{047EB6F1-E85A-346A-9147-4BBE6ABEB84D} = {047EB6F1-E85A-346A-9147-4BBE6ABEB84D}
	EndProjectSection
EndProject
Project("{8BC9CEB8-8B4A-11D0-8D11-00A0C91BC942}") = "iconify", "tests\iconify.vcxproj", "{88F6ABBE-1E58-39A6-9FF9-DEA5E603AA08}"
	ProjectSection(ProjectDependencies) = postProject
		{F97D1CDF-1386-361F-B771-5C821766FDF5} = {F97D1CDF-1386-361F-B771-5C821766FDF5}
		{047EB6F1-E85A-346A-9147-4BBE6ABEB84D} = {047EB6F1-E85A-346A-9147-4BBE6ABEB84D}
	EndProjectSection
EndProject
Project("{8BC9CEB8-8B4A-11D0-8D11-00A0C91BC942}") = "inputlag", "tests\inputlag.vcxproj", "{35C97722-9FE1-3C78-B95C-0062E1A302C4}"
	ProjectSection(ProjectDependencies) = postProject
		{F97D1CDF-1386-361F-B771-5C821766FDF5} = {F97D1CDF-1386-361F-B771-5C821766FDF5}
		{047EB6F1-E85A-346A-9147-4BBE6ABEB84D} = {047EB6F1-E85A-346A-9147-4BBE6ABEB84D}
	EndProjectSection
EndProject
Project("{8BC9CEB8-8B4A-11D0-8D11-00A0C91BC942}") = "joysticks", "tests\joysticks.vcxproj", "{CD8BFE93-C7A9-373C-929D-8ED6758E3B75}"
	ProjectSection(ProjectDependencies) = postProject
		{F97D1CDF-1386-361F-B771-5C821766FDF5} = {F97D1CDF-1386-361F-B771-5C821766FDF5}
		{047EB6F1-E85A-346A-9147-4BBE6ABEB84D} = {047EB6F1-E85A-346A-9147-4BBE6ABEB84D}
	EndProjectSection
EndProject
Project("{8BC9CEB8-8B4A-11D0-8D11-00A0C91BC942}") = "monitors", "tests\monitors.vcxproj", "{12257CB2-366E-3527-AEE6-8B25F59A5433}"
	ProjectSection(ProjectDependencies) = postProject
		{F97D1CDF-1386-361F-B771-5C821766FDF5} = {F97D1CDF-1386-361F-B771-5C821766FDF5}
		{047EB6F1-E85A-346A-9147-4BBE6ABEB84D} = {047EB6F1-E85A-346A-9147-4BBE6ABEB84D}
	EndProjectSection
EndProject
Project("{8BC9CEB8-8B4A-11D0-8D11-00A0C91BC942}") = "msaa", "tests\msaa.vcxproj", "{586546C9-0161-309A-8F0B-85A769D7EA11}"
	ProjectSection(ProjectDependencies) = postProject
		{F97D1CDF-1386-361F-B771-5C821766FDF5} = {F97D1CDF-1386-361F-B771-5C821766FDF5}
		{047EB6F1-E85A-346A-9147-4BBE6ABEB84D} = {047EB6F1-E85A-346A-9147-4BBE6ABEB84D}
	EndProjectSection
EndProject
Project("{8BC9CEB8-8B4A-11D0-8D11-00A0C91BC942}") = "offscreen", "examples\offscreen.vcxproj", "{7A4180F7-D13B-34A4-8918-5588B2F639FC}"
	ProjectSection(ProjectDependencies) = postProject
		{F97D1CDF-1386-361F-B771-5C821766FDF5} = {F97D1CDF-1386-361F-B771-5C821766FDF5}
		{047EB6F1-E85A-346A-9147-4BBE6ABEB84D} = {047EB6F1-E85A-346A-9147-4BBE6ABEB84D}
	EndProjectSection
EndProject
Project("{8BC9CEB8-8B4A-11D0-8D11-00A0C91BC942}") = "particles", "examples\particles.vcxproj", "{AE89D489-2550-38DA-B65D-5968160C90E2}"
	ProjectSection(ProjectDependencies) = postProject
		{F97D1CDF-1386-361F-B771-5C821766FDF5} = {F97D1CDF-1386-361F-B771-5C821766FDF5}
		{047EB6F1-E85A-346A-9147-4BBE6ABEB84D} = {047EB6F1-E85A-346A-9147-4BBE6ABEB84D}
	EndProjectSection
EndProject
Project("{8BC9CEB8-8B4A-11D0-8D11-00A0C91BC942}") = "reopen", "tests\reopen.vcxproj", "{E42F147B-374A-3464-BA91-7CB03A6258F0}"
	ProjectSection(ProjectDependencies) = postProject
		{F97D1CDF-1386-361F-B771-5C821766FDF5} = {F97D1CDF-1386-361F-B771-5C821766FDF5}
		{047EB6F1-E85A-346A-9147-4BBE6ABEB84D} = {047EB6F1-E85A-346A-9147-4BBE6ABEB84D}
	EndProjectSection
EndProject
Project("{8BC9CEB8-8B4A-11D0-8D11-00A0C91BC942}") = "sharing", "examples\sharing.vcxproj", "{F5712BC6-1557-39FE-806A-5EFDCFE21653}"
	ProjectSection(ProjectDependencies) = postProject
		{F97D1CDF-1386-361F-B771-5C821766FDF5} = {F97D1CDF-1386-361F-B771-5C821766FDF5}
		{047EB6F1-E85A-346A-9147-4BBE6ABEB84D} = {047EB6F1-E85A-346A-9147-4BBE6ABEB84D}
	EndProjectSection
EndProject
Project("{8BC9CEB8-8B4A-11D0-8D11-00A0C91BC942}") = "splitview", "examples\splitview.vcxproj", "{5B54A4CE-E718-3946-8FBC-803F3AC812CB}"
	ProjectSection(ProjectDependencies) = postProject
		{F97D1CDF-1386-361F-B771-5C821766FDF5} = {F97D1CDF-1386-361F-B771-5C821766FDF5}
		{047EB6F1-E85A-346A-9147-4BBE6ABEB84D} = {047EB6F1-E85A-346A-9147-4BBE6ABEB84D}
	EndProjectSection
EndProject
Project("{8BC9CEB8-8B4A-11D0-8D11-00A0C91BC942}") = "tearing", "tests\tearing.vcxproj", "{75C52B6E-6837-3D2E-85A7-2AE54DF3F926}"
	ProjectSection(ProjectDependencies) = postProject
		{F97D1CDF-1386-361F-B771-5C821766FDF5} = {F97D1CDF-1386-361F-B771-5C821766FDF5}
		{047EB6F1-E85A-346A-9147-4BBE6ABEB84D} = {047EB6F1-E85A-346A-9147-4BBE6ABEB84D}
	EndProjectSection
EndProject
Project("{8BC9CEB8-8B4A-11D0-8D11-00A0C91BC942}") = "threads", "tests\threads.vcxproj", "{E9BC49C5-EA99-3EB9-94F9-7BA3B320EF74}"
	ProjectSection(ProjectDependencies) = postProject
		{F97D1CDF-1386-361F-B771-5C821766FDF5} = {F97D1CDF-1386-361F-B771-5C821766FDF5}
		{047EB6F1-E85A-346A-9147-4BBE6ABEB84D} = {047EB6F1-E85A-346A-9147-4BBE6ABEB84D}
	EndProjectSection
EndProject
Project("{8BC9CEB8-8B4A-11D0-8D11-00A0C91BC942}") = "timeout", "tests\timeout.vcxproj", "{87CF3EC9-1D8C-3599-9703-CA2DDD89D7D9}"
	ProjectSection(ProjectDependencies) = postProject
		{F97D1CDF-1386-361F-B771-5C821766FDF5} = {F97D1CDF-1386-361F-B771-5C821766FDF5}
		{047EB6F1-E85A-346A-9147-4BBE6ABEB84D} = {047EB6F1-E85A-346A-9147-4BBE6ABEB84D}
	EndProjectSection
EndProject
Project("{8BC9CEB8-8B4A-11D0-8D11-00A0C91BC942}") = "title", "tests\title.vcxproj", "{4326C3FC-BE44-315F-B42B-10ABF7BC2F90}"
	ProjectSection(ProjectDependencies) = postProject
		{F97D1CDF-1386-361F-B771-5C821766FDF5} = {F97D1CDF-1386-361F-B771-5C821766FDF5}
		{047EB6F1-E85A-346A-9147-4BBE6ABEB84D} = {047EB6F1-E85A-346A-9147-4BBE6ABEB84D}
	EndProjectSection
EndProject
Project("{8BC9CEB8-8B4A-11D0-8D11-00A0C91BC942}") = "triangle-opengl", "examples\triangle-opengl.vcxproj", "{C57F1DD5-084D-3D3A-B630-6D141CAB73EB}"
	ProjectSection(ProjectDependencies) = postProject
		{F97D1CDF-1386-361F-B771-5C821766FDF5} = {F97D1CDF-1386-361F-B771-5C821766FDF5}
		{047EB6F1-E85A-346A-9147-4BBE6ABEB84D} = {047EB6F1-E85A-346A-9147-4BBE6ABEB84D}
	EndProjectSection
EndProject
Project("{8BC9CEB8-8B4A-11D0-8D11-00A0C91BC942}") = "triangle-opengles", "examples\triangle-opengles.vcxproj", "{91821AFD-4FF6-3B4C-A6E7-826943863539}"
	ProjectSection(ProjectDependencies) = postProject
		{F97D1CDF-1386-361F-B771-5C821766FDF5} = {F97D1CDF-1386-361F-B771-5C821766FDF5}
		{047EB6F1-E85A-346A-9147-4BBE6ABEB84D} = {047EB6F1-E85A-346A-9147-4BBE6ABEB84D}
	EndProjectSection
EndProject
Project("{8BC9CEB8-8B4A-11D0-8D11-00A0C91BC942}") = "triangle-vulkan", "tests\triangle-vulkan.vcxproj", "{CF0A218A-C42E-3769-BE3C-FAD34C3354D8}"
	ProjectSection(ProjectDependencies) = postProject
		{F97D1CDF-1386-361F-B771-5C821766FDF5} = {F97D1CDF-1386-361F-B771-5C821766FDF5}
		{047EB6F1-E85A-346A-9147-4BBE6ABEB84D} = {047EB6F1-E85A-346A-9147-4BBE6ABEB84D}
	EndProjectSection
EndProject
Project("{8BC9CEB8-8B4A-11D0-8D11-00A0C91BC942}") = "uninstall", "uninstall.vcxproj", "{3CADED96-4FDB-394A-A93B-EB5715CAA0FF}"
	ProjectSection(ProjectDependencies) = postProject
		{F97D1CDF-1386-361F-B771-5C821766FDF5} = {F97D1CDF-1386-361F-B771-5C821766FDF5}
	EndProjectSection
EndProject
Project("{8BC9CEB8-8B4A-11D0-8D11-00A0C91BC942}") = "update_mappings", "src\update_mappings.vcxproj", "{16797C81-94B4-3F04-BFFB-D22C4F54CBE5}"
	ProjectSection(ProjectDependencies) = postProject
		{F97D1CDF-1386-361F-B771-5C821766FDF5} = {F97D1CDF-1386-361F-B771-5C821766FDF5}
	EndProjectSection
EndProject
Project("{8BC9CEB8-8B4A-11D0-8D11-00A0C91BC942}") = "wave", "examples\wave.vcxproj", "{055BEC62-3B66-3B91-96D9-BAAD6EBC4B1D}"
	ProjectSection(ProjectDependencies) = postProject
		{F97D1CDF-1386-361F-B771-5C821766FDF5} = {F97D1CDF-1386-361F-B771-5C821766FDF5}
		{047EB6F1-E85A-346A-9147-4BBE6ABEB84D} = {047EB6F1-E85A-346A-9147-4BBE6ABEB84D}
	EndProjectSection
EndProject
Project("{8BC9CEB8-8B4A-11D0-8D11-00A0C91BC942}") = "window", "tests\window.vcxproj", "{92D7912F-32B6-3FF6-93E1-E3D5B4FEB819}"
	ProjectSection(ProjectDependencies) = postProject
		{F97D1CDF-1386-361F-B771-5C821766FDF5} = {F97D1CDF-1386-361F-B771-5C821766FDF5}
		{047EB6F1-E85A-346A-9147-4BBE6ABEB84D} = {047EB6F1-E85A-346A-9147-4BBE6ABEB84D}
	EndProjectSection
EndProject
Project("{8BC9CEB8-8B4A-11D0-8D11-00A0C91BC942}") = "windows", "examples\windows.vcxproj", "{FD5A03DC-B57B-35C1-844E-E7333BBF0755}"
	ProjectSection(ProjectDependencies) = postProject
		{F97D1CDF-1386-361F-B771-5C821766FDF5} = {F97D1CDF-1386-361F-B771-5C821766FDF5}
		{047EB6F1-E85A-346A-9147-4BBE6ABEB84D} = {047EB6F1-E85A-346A-9147-4BBE6ABEB84D}
	EndProjectSection
EndProject
Global
	GlobalSection(SolutionConfigurationPlatforms) = preSolution
		Debug|x64 = Debug|x64
		Release|x64 = Release|x64
		MinSizeRel|x64 = MinSizeRel|x64
		RelWithDebInfo|x64 = RelWithDebInfo|x64
	EndGlobalSection
	GlobalSection(ProjectConfigurationPlatforms) = postSolution
		{847C85A3-E7F7-3E6D-88A8-16938A808B00}.Debug|x64.ActiveCfg = Debug|x64
		{847C85A3-E7F7-3E6D-88A8-16938A808B00}.Debug|x64.Build.0 = Debug|x64
		{847C85A3-E7F7-3E6D-88A8-16938A808B00}.Release|x64.ActiveCfg = Release|x64
		{847C85A3-E7F7-3E6D-88A8-16938A808B00}.Release|x64.Build.0 = Release|x64
		{847C85A3-E7F7-3E6D-88A8-16938A808B00}.MinSizeRel|x64.ActiveCfg = MinSizeRel|x64
		{847C85A3-E7F7-3E6D-88A8-16938A808B00}.MinSizeRel|x64.Build.0 = MinSizeRel|x64
		{847C85A3-E7F7-3E6D-88A8-16938A808B00}.RelWithDebInfo|x64.ActiveCfg = RelWithDebInfo|x64
		{847C85A3-E7F7-3E6D-88A8-16938A808B00}.RelWithDebInfo|x64.Build.0 = RelWithDebInfo|x64
		{CEE2A9AA-B577-3596-AC05-4EE89941ED3A}.Debug|x64.ActiveCfg = Debug|x64
		{CEE2A9AA-B577-3596-AC05-4EE89941ED3A}.Release|x64.ActiveCfg = Release|x64
		{CEE2A9AA-B577-3596-AC05-4EE89941ED3A}.MinSizeRel|x64.ActiveCfg = MinSizeRel|x64
		{CEE2A9AA-B577-3596-AC05-4EE89941ED3A}.RelWithDebInfo|x64.ActiveCfg = RelWithDebInfo|x64
		{F97D1CDF-1386-361F-B771-5C821766FDF5}.Debug|x64.ActiveCfg = Debug|x64
		{F97D1CDF-1386-361F-B771-5C821766FDF5}.Debug|x64.Build.0 = Debug|x64
		{F97D1CDF-1386-361F-B771-5C821766FDF5}.Release|x64.ActiveCfg = Release|x64
		{F97D1CDF-1386-361F-B771-5C821766FDF5}.Release|x64.Build.0 = Release|x64
		{F97D1CDF-1386-361F-B771-5C821766FDF5}.MinSizeRel|x64.ActiveCfg = MinSizeRel|x64
		{F97D1CDF-1386-361F-B771-5C821766FDF5}.MinSizeRel|x64.Build.0 = MinSizeRel|x64
		{F97D1CDF-1386-361F-B771-5C821766FDF5}.RelWithDebInfo|x64.ActiveCfg = RelWithDebInfo|x64
		{F97D1CDF-1386-361F-B771-5C821766FDF5}.RelWithDebInfo|x64.Build.0 = RelWithDebInfo|x64
		{8208152A-284B-36EE-9F2B-E1E3BD5E9C33}.Debug|x64.ActiveCfg = Debug|x64
		{8208152A-284B-36EE-9F2B-E1E3BD5E9C33}.Debug|x64.Build.0 = Debug|x64
		{8208152A-284B-36EE-9F2B-E1E3BD5E9C33}.Release|x64.ActiveCfg = Release|x64
		{8208152A-284B-36EE-9F2B-E1E3BD5E9C33}.Release|x64.Build.0 = Release|x64
		{8208152A-284B-36EE-9F2B-E1E3BD5E9C33}.MinSizeRel|x64.ActiveCfg = MinSizeRel|x64
		{8208152A-284B-36EE-9F2B-E1E3BD5E9C33}.MinSizeRel|x64.Build.0 = MinSizeRel|x64
		{8208152A-284B-36EE-9F2B-E1E3BD5E9C33}.RelWithDebInfo|x64.ActiveCfg = RelWithDebInfo|x64
		{8208152A-284B-36EE-9F2B-E1E3BD5E9C33}.RelWithDebInfo|x64.Build.0 = RelWithDebInfo|x64
		{F3F6C016-0DE5-3074-B4EC-C4E50E46462D}.Debug|x64.ActiveCfg = Debug|x64
		{F3F6C016-0DE5-3074-B4EC-C4E50E46462D}.Debug|x64.Build.0 = Debug|x64
		{F3F6C016-0DE5-3074-B4EC-C4E50E46462D}.Release|x64.ActiveCfg = Release|x64
		{F3F6C016-0DE5-3074-B4EC-C4E50E46462D}.Release|x64.Build.0 = Release|x64
		{F3F6C016-0DE5-3074-B4EC-C4E50E46462D}.MinSizeRel|x64.ActiveCfg = MinSizeRel|x64
		{F3F6C016-0DE5-3074-B4EC-C4E50E46462D}.MinSizeRel|x64.Build.0 = MinSizeRel|x64
		{F3F6C016-0DE5-3074-B4EC-C4E50E46462D}.RelWithDebInfo|x64.ActiveCfg = RelWithDebInfo|x64
		{F3F6C016-0DE5-3074-B4EC-C4E50E46462D}.RelWithDebInfo|x64.Build.0 = RelWithDebInfo|x64
		{B587576D-898B-344E-83A2-05F8FCF8C4EC}.Debug|x64.ActiveCfg = Debug|x64
		{B587576D-898B-344E-83A2-05F8FCF8C4EC}.Debug|x64.Build.0 = Debug|x64
		{B587576D-898B-344E-83A2-05F8FCF8C4EC}.Release|x64.ActiveCfg = Release|x64
		{B587576D-898B-344E-83A2-05F8FCF8C4EC}.Release|x64.Build.0 = Release|x64
		{B587576D-898B-344E-83A2-05F8FCF8C4EC}.MinSizeRel|x64.ActiveCfg = MinSizeRel|x64
		{B587576D-898B-344E-83A2-05F8FCF8C4EC}.MinSizeRel|x64.Build.0 = MinSizeRel|x64
		{B587576D-898B-344E-83A2-05F8FCF8C4EC}.RelWithDebInfo|x64.ActiveCfg = RelWithDebInfo|x64
		{B587576D-898B-344E-83A2-05F8FCF8C4EC}.RelWithDebInfo|x64.Build.0 = RelWithDebInfo|x64
		{2434A2F6-5421-3E6A-942D-2A90DE2E33CF}.Debug|x64.ActiveCfg = Debug|x64
		{2434A2F6-5421-3E6A-942D-2A90DE2E33CF}.Debug|x64.Build.0 = Debug|x64
		{2434A2F6-5421-3E6A-942D-2A90DE2E33CF}.Release|x64.ActiveCfg = Release|x64
		{2434A2F6-5421-3E6A-942D-2A90DE2E33CF}.Release|x64.Build.0 = Release|x64
		{2434A2F6-5421-3E6A-942D-2A90DE2E33CF}.MinSizeRel|x64.ActiveCfg = MinSizeRel|x64
		{2434A2F6-5421-3E6A-942D-2A90DE2E33CF}.MinSizeRel|x64.Build.0 = MinSizeRel|x64
		{2434A2F6-5421-3E6A-942D-2A90DE2E33CF}.RelWithDebInfo|x64.ActiveCfg = RelWithDebInfo|x64
		{2434A2F6-5421-3E6A-942D-2A90DE2E33CF}.RelWithDebInfo|x64.Build.0 = RelWithDebInfo|x64
		{9C8BA361-9908-3B27-99C7-B519C4816CC1}.Debug|x64.ActiveCfg = Debug|x64
		{9C8BA361-9908-3B27-99C7-B519C4816CC1}.Debug|x64.Build.0 = Debug|x64
		{9C8BA361-9908-3B27-99C7-B519C4816CC1}.Release|x64.ActiveCfg = Release|x64
		{9C8BA361-9908-3B27-99C7-B519C4816CC1}.Release|x64.Build.0 = Release|x64
		{9C8BA361-9908-3B27-99C7-B519C4816CC1}.MinSizeRel|x64.ActiveCfg = MinSizeRel|x64
		{9C8BA361-9908-3B27-99C7-B519C4816CC1}.MinSizeRel|x64.Build.0 = MinSizeRel|x64
		{9C8BA361-9908-3B27-99C7-B519C4816CC1}.RelWithDebInfo|x64.ActiveCfg = RelWithDebInfo|x64
		{9C8BA361-9908-3B27-99C7-B519C4816CC1}.RelWithDebInfo|x64.Build.0 = RelWithDebInfo|x64
		{344FD3EE-13CC-34D4-A0A2-A5E3CAF6F7C8}.Debug|x64.ActiveCfg = Debug|x64
		{344FD3EE-13CC-34D4-A0A2-A5E3CAF6F7C8}.Debug|x64.Build.0 = Debug|x64
		{344FD3EE-13CC-34D4-A0A2-A5E3CAF6F7C8}.Release|x64.ActiveCfg = Release|x64
		{344FD3EE-13CC-34D4-A0A2-A5E3CAF6F7C8}.Release|x64.Build.0 = Release|x64
		{344FD3EE-13CC-34D4-A0A2-A5E3CAF6F7C8}.MinSizeRel|x64.ActiveCfg = MinSizeRel|x64
		{344FD3EE-13CC-34D4-A0A2-A5E3CAF6F7C8}.MinSizeRel|x64.Build.0 = MinSizeRel|x64
		{344FD3EE-13CC-34D4-A0A2-A5E3CAF6F7C8}.RelWithDebInfo|x64.ActiveCfg = RelWithDebInfo|x64
		{344FD3EE-13CC-34D4-A0A2-A5E3CAF6F7C8}.RelWithDebInfo|x64.Build.0 = RelWithDebInfo|x64
		{F8CF1CCC-8B75-3B78-B6EB-1DD1D878F72F}.Debug|x64.ActiveCfg = Debug|x64
		{F8CF1CCC-8B75-3B78-B6EB-1DD1D878F72F}.Debug|x64.Build.0 = Debug|x64
		{F8CF1CCC-8B75-3B78-B6EB-1DD1D878F72F}.Release|x64.ActiveCfg = Release|x64
		{F8CF1CCC-8B75-3B78-B6EB-1DD1D878F72F}.Release|x64.Build.0 = Release|x64
		{F8CF1CCC-8B75-3B78-B6EB-1DD1D878F72F}.MinSizeRel|x64.ActiveCfg = MinSizeRel|x64
		{F8CF1CCC-8B75-3B78-B6EB-1DD1D878F72F}.MinSizeRel|x64.Build.0 = MinSizeRel|x64
		{F8CF1CCC-8B75-3B78-B6EB-1DD1D878F72F}.RelWithDebInfo|x64.ActiveCfg = RelWithDebInfo|x64
		{F8CF1CCC-8B75-3B78-B6EB-1DD1D878F72F}.RelWithDebInfo|x64.Build.0 = RelWithDebInfo|x64
		{F184DECC-32E4-32FA-A0D1-285E22A61E1C}.Debug|x64.ActiveCfg = Debug|x64
		{F184DECC-32E4-32FA-A0D1-285E22A61E1C}.Debug|x64.Build.0 = Debug|x64
		{F184DECC-32E4-32FA-A0D1-285E22A61E1C}.Release|x64.ActiveCfg = Release|x64
		{F184DECC-32E4-32FA-A0D1-285E22A61E1C}.Release|x64.Build.0 = Release|x64
		{F184DECC-32E4-32FA-A0D1-285E22A61E1C}.MinSizeRel|x64.ActiveCfg = MinSizeRel|x64
		{F184DECC-32E4-32FA-A0D1-285E22A61E1C}.MinSizeRel|x64.Build.0 = MinSizeRel|x64
		{F184DECC-32E4-32FA-A0D1-285E22A61E1C}.RelWithDebInfo|x64.ActiveCfg = RelWithDebInfo|x64
		{F184DECC-32E4-32FA-A0D1-285E22A61E1C}.RelWithDebInfo|x64.Build.0 = RelWithDebInfo|x64
		{047EB6F1-E85A-346A-9147-4BBE6ABEB84D}.Debug|x64.ActiveCfg = Debug|x64
		{047EB6F1-E85A-346A-9147-4BBE6ABEB84D}.Debug|x64.Build.0 = Debug|x64
		{047EB6F1-E85A-346A-9147-4BBE6ABEB84D}.Release|x64.ActiveCfg = Release|x64
		{047EB6F1-E85A-346A-9147-4BBE6ABEB84D}.Release|x64.Build.0 = Release|x64
		{047EB6F1-E85A-346A-9147-4BBE6ABEB84D}.MinSizeRel|x64.ActiveCfg = MinSizeRel|x64
		{047EB6F1-E85A-346A-9147-4BBE6ABEB84D}.MinSizeRel|x64.Build.0 = MinSizeRel|x64
		{047EB6F1-E85A-346A-9147-4BBE6ABEB84D}.RelWithDebInfo|x64.ActiveCfg = RelWithDebInfo|x64
		{047EB6F1-E85A-346A-9147-4BBE6ABEB84D}.RelWithDebInfo|x64.Build.0 = RelWithDebInfo|x64
		{5E6340D8-BFD8-367E-882F-68B426B465A0}.Debug|x64.ActiveCfg = Debug|x64
		{5E6340D8-BFD8-367E-882F-68B426B465A0}.Debug|x64.Build.0 = Debug|x64
		{5E6340D8-BFD8-367E-882F-68B426B465A0}.Release|x64.ActiveCfg = Release|x64
		{5E6340D8-BFD8-367E-882F-68B426B465A0}.Release|x64.Build.0 = Release|x64
		{5E6340D8-BFD8-367E-882F-68B426B465A0}.MinSizeRel|x64.ActiveCfg = MinSizeRel|x64
		{5E6340D8-BFD8-367E-882F-68B426B465A0}.MinSizeRel|x64.Build.0 = MinSizeRel|x64
		{5E6340D8-BFD8-367E-882F-68B426B465A0}.RelWithDebInfo|x64.ActiveCfg = RelWithDebInfo|x64
		{5E6340D8-BFD8-367E-882F-68B426B465A0}.RelWithDebInfo|x64.Build.0 = RelWithDebInfo|x64
		{E3BF2FE4-989E-315F-B986-4B22F6D32CD6}.Debug|x64.ActiveCfg = Debug|x64
		{E3BF2FE4-989E-315F-B986-4B22F6D32CD6}.Debug|x64.Build.0 = Debug|x64
		{E3BF2FE4-989E-315F-B986-4B22F6D32CD6}.Release|x64.ActiveCfg = Release|x64
		{E3BF2FE4-989E-315F-B986-4B22F6D32CD6}.Release|x64.Build.0 = Release|x64
		{E3BF2FE4-989E-315F-B986-4B22F6D32CD6}.MinSizeRel|x64.ActiveCfg = MinSizeRel|x64
		{E3BF2FE4-989E-315F-B986-4B22F6D32CD6}.MinSizeRel|x64.Build.0 = MinSizeRel|x64
		{E3BF2FE4-989E-315F-B986-4B22F6D32CD6}.RelWithDebInfo|x64.ActiveCfg = RelWithDebInfo|x64
		{E3BF2FE4-989E-315F-B986-4B22F6D32CD6}.RelWithDebInfo|x64.Build.0 = RelWithDebInfo|x64
		{648F34CC-632A-3D46-A330-AE9085954B8D}.Debug|x64.ActiveCfg = Debug|x64
		{648F34CC-632A-3D46-A330-AE9085954B8D}.Debug|x64.Build.0 = Debug|x64
		{648F34CC-632A-3D46-A330-AE9085954B8D}.Release|x64.ActiveCfg = Release|x64
		{648F34CC-632A-3D46-A330-AE9085954B8D}.Release|x64.Build.0 = Release|x64
		{648F34CC-632A-3D46-A330-AE9085954B8D}.MinSizeRel|x64.ActiveCfg = MinSizeRel|x64
		{648F34CC-632A-3D46-A330-AE9085954B8D}.MinSizeRel|x64.Build.0 = MinSizeRel|x64
		{648F34CC-632A-3D46-A330-AE9085954B8D}.RelWithDebInfo|x64.ActiveCfg = RelWithDebInfo|x64
		{648F34CC-632A-3D46-A330-AE9085954B8D}.RelWithDebInfo|x64.Build.0 = RelWithDebInfo|x64
		{88F6ABBE-1E58-39A6-9FF9-DEA5E603AA08}.Debug|x64.ActiveCfg = Debug|x64
		{88F6ABBE-1E58-39A6-9FF9-DEA5E603AA08}.Debug|x64.Build.0 = Debug|x64
		{88F6ABBE-1E58-39A6-9FF9-DEA5E603AA08}.Release|x64.ActiveCfg = Release|x64
		{88F6ABBE-1E58-39A6-9FF9-DEA5E603AA08}.Release|x64.Build.0 = Release|x64
		{88F6ABBE-1E58-39A6-9FF9-DEA5E603AA08}.MinSizeRel|x64.ActiveCfg = MinSizeRel|x64
		{88F6ABBE-1E58-39A6-9FF9-DEA5E603AA08}.MinSizeRel|x64.Build.0 = MinSizeRel|x64
		{88F6ABBE-1E58-39A6-9FF9-DEA5E603AA08}.RelWithDebInfo|x64.ActiveCfg = RelWithDebInfo|x64
		{88F6ABBE-1E58-39A6-9FF9-DEA5E603AA08}.RelWithDebInfo|x64.Build.0 = RelWithDebInfo|x64
		{35C97722-9FE1-3C78-B95C-0062E1A302C4}.Debug|x64.ActiveCfg = Debug|x64
		{35C97722-9FE1-3C78-B95C-0062E1A302C4}.Debug|x64.Build.0 = Debug|x64
		{35C97722-9FE1-3C78-B95C-0062E1A302C4}.Release|x64.ActiveCfg = Release|x64
		{35C97722-9FE1-3C78-B95C-0062E1A302C4}.Release|x64.Build.0 = Release|x64
		{35C97722-9FE1-3C78-B95C-0062E1A302C4}.MinSizeRel|x64.ActiveCfg = MinSizeRel|x64
		{35C97722-9FE1-3C78-B95C-0062E1A302C4}.MinSizeRel|x64.Build.0 = MinSizeRel|x64
		{35C97722-9FE1-3C78-B95C-0062E1A302C4}.RelWithDebInfo|x64.ActiveCfg = RelWithDebInfo|x64
		{35C97722-9FE1-3C78-B95C-0062E1A302C4}.RelWithDebInfo|x64.Build.0 = RelWithDebInfo|x64
		{CD8BFE93-C7A9-373C-929D-8ED6758E3B75}.Debug|x64.ActiveCfg = Debug|x64
		{CD8BFE93-C7A9-373C-929D-8ED6758E3B75}.Debug|x64.Build.0 = Debug|x64
		{CD8BFE93-C7A9-373C-929D-8ED6758E3B75}.Release|x64.ActiveCfg = Release|x64
		{CD8BFE93-C7A9-373C-929D-8ED6758E3B75}.Release|x64.Build.0 = Release|x64
		{CD8BFE93-C7A9-373C-929D-8ED6758E3B75}.MinSizeRel|x64.ActiveCfg = MinSizeRel|x64
		{CD8BFE93-C7A9-373C-929D-8ED6758E3B75}.MinSizeRel|x64.Build.0 = MinSizeRel|x64
		{CD8BFE93-C7A9-373C-929D-8ED6758E3B75}.RelWithDebInfo|x64.ActiveCfg = RelWithDebInfo|x64
		{CD8BFE93-C7A9-373C-929D-8ED6758E3B75}.RelWithDebInfo|x64.Build.0 = RelWithDebInfo|x64
		{12257CB2-366E-3527-AEE6-8B25F59A5433}.Debug|x64.ActiveCfg = Debug|x64
		{12257CB2-366E-3527-AEE6-8B25F59A5433}.Debug|x64.Build.0 = Debug|x64
		{12257CB2-366E-3527-AEE6-8B25F59A5433}.Release|x64.ActiveCfg = Release|x64
		{12257CB2-366E-3527-AEE6-8B25F59A5433}.Release|x64.Build.0 = Release|x64
		{12257CB2-366E-3527-AEE6-8B25F59A5433}.MinSizeRel|x64.ActiveCfg = MinSizeRel|x64
		{12257CB2-366E-3527-AEE6-8B25F59A5433}.MinSizeRel|x64.Build.0 = MinSizeRel|x64
		{12257CB2-366E-3527-AEE6-8B25F59A5433}.RelWithDebInfo|x64.ActiveCfg = RelWithDebInfo|x64
		{12257CB2-366E-3527-AEE6-8B25F59A5433}.RelWithDebInfo|x64.Build.0 = RelWithDebInfo|x64
		{586546C9-0161-309A-8F0B-85A769D7EA11}.Debug|x64.ActiveCfg = Debug|x64
		{586546C9-0161-309A-8F0B-85A769D7EA11}.Debug|x64.Build.0 = Debug|x64
		{586546C9-0161-309A-8F0B-85A769D7EA11}.Release|x64.ActiveCfg = Release|x64
		{586546C9-0161-309A-8F0B-85A769D7EA11}.Release|x64.Build.0 = Release|x64
		{586546C9-0161-309A-8F0B-85A769D7EA11}.MinSizeRel|x64.ActiveCfg = MinSizeRel|x64
		{586546C9-0161-309A-8F0B-85A769D7EA11}.MinSizeRel|x64.Build.0 = MinSizeRel|x64
		{586546C9-0161-309A-8F0B-85A769D7EA11}.RelWithDebInfo|x64.ActiveCfg = RelWithDebInfo|x64
		{586546C9-0161-309A-8F0B-85A769D7EA11}.RelWithDebInfo|x64.Build.0 = RelWithDebInfo|x64
		{7A4180F7-D13B-34A4-8918-5588B2F639FC}.Debug|x64.ActiveCfg = Debug|x64
		{7A4180F7-D13B-34A4-8918-5588B2F639FC}.Debug|x64.Build.0 = Debug|x64
		{7A4180F7-D13B-34A4-8918-5588B2F639FC}.Release|x64.ActiveCfg = Release|x64
		{7A4180F7-D13B-34A4-8918-5588B2F639FC}.Release|x64.Build.0 = Release|x64
		{7A4180F7-D13B-34A4-8918-5588B2F639FC}.MinSizeRel|x64.ActiveCfg = MinSizeRel|x64
		{7A4180F7-D13B-34A4-8918-5588B2F639FC}.MinSizeRel|x64.Build.0 = MinSizeRel|x64
		{7A4180F7-D13B-34A4-8918-5588B2F639FC}.RelWithDebInfo|x64.ActiveCfg = RelWithDebInfo|x64
		{7A4180F7-D13B-34A4-8918-5588B2F639FC}.RelWithDebInfo|x64.Build.0 = RelWithDebInfo|x64
		{AE89D489-2550-38DA-B65D-5968160C90E2}.Debug|x64.ActiveCfg = Debug|x64
		{AE89D489-2550-38DA-B65D-5968160C90E2}.Debug|x64.Build.0 = Debug|x64
		{AE89D489-2550-38DA-B65D-5968160C90E2}.Release|x64.ActiveCfg = Release|x64
		{AE89D489-2550-38DA-B65D-5968160C90E2}.Release|x64.Build.0 = Release|x64
		{AE89D489-2550-38DA-B65D-5968160C90E2}.MinSizeRel|x64.ActiveCfg = MinSizeRel|x64
		{AE89D489-2550-38DA-B65D-5968160C90E2}.MinSizeRel|x64.Build.0 = MinSizeRel|x64
		{AE89D489-2550-38DA-B65D-5968160C90E2}.RelWithDebInfo|x64.ActiveCfg = RelWithDebInfo|x64
		{AE89D489-2550-38DA-B65D-5968160C90E2}.RelWithDebInfo|x64.Build.0 = RelWithDebInfo|x64
		{E42F147B-374A-3464-BA91-7CB03A6258F0}.Debug|x64.ActiveCfg = Debug|x64
		{E42F147B-374A-3464-BA91-7CB03A6258F0}.Debug|x64.Build.0 = Debug|x64
		{E42F147B-374A-3464-BA91-7CB03A6258F0}.Release|x64.ActiveCfg = Release|x64
		{E42F147B-374A-3464-BA91-7CB03A6258F0}.Release|x64.Build.0 = Release|x64
		{E42F147B-374A-3464-BA91-7CB03A6258F0}.MinSizeRel|x64.ActiveCfg = MinSizeRel|x64
		{E42F147B-374A-3464-BA91-7CB03A6258F0}.MinSizeRel|x64.Build.0 = MinSizeRel|x64
		{E42F147B-374A-3464-BA91-7CB03A6258F0}.RelWithDebInfo|x64.ActiveCfg = RelWithDebInfo|x64
		{E42F147B-374A-3464-BA91-7CB03A6258F0}.RelWithDebInfo|x64.Build.0 = RelWithDebInfo|x64
		{F5712BC6-1557-39FE-806A-5EFDCFE21653}.Debug|x64.ActiveCfg = Debug|x64
		{F5712BC6-1557-39FE-806A-5EFDCFE21653}.Debug|x64.Build.0 = Debug|x64
		{F5712BC6-1557-39FE-806A-5EFDCFE21653}.Release|x64.ActiveCfg = Release|x64
		{F5712BC6-1557-39FE-806A-5EFDCFE21653}.Release|x64.Build.0 = Release|x64
		{F5712BC6-1557-39FE-806A-5EFDCFE21653}.MinSizeRel|x64.ActiveCfg = MinSizeRel|x64
		{F5712BC6-1557-39FE-806A-5EFDCFE21653}.MinSizeRel|x64.Build.0 = MinSizeRel|x64
		{F5712BC6-1557-39FE-806A-5EFDCFE21653}.RelWithDebInfo|x64.ActiveCfg = RelWithDebInfo|x64
		{F5712BC6-1557-39FE-806A-5EFDCFE21653}.RelWithDebInfo|x64.Build.0 = RelWithDebInfo|x64
		{5B54A4CE-E718-3946-8FBC-803F3AC812CB}.Debug|x64.ActiveCfg = Debug|x64
		{5B54A4CE-E718-3946-8FBC-803F3AC812CB}.Debug|x64.Build.0 = Debug|x64
		{5B54A4CE-E718-3946-8FBC-803F3AC812CB}.Release|x64.ActiveCfg = Release|x64
		{5B54A4CE-E718-3946-8FBC-803F3AC812CB}.Release|x64.Build.0 = Release|x64
		{5B54A4CE-E718-3946-8FBC-803F3AC812CB}.MinSizeRel|x64.ActiveCfg = MinSizeRel|x64
		{5B54A4CE-E718-3946-8FBC-803F3AC812CB}.MinSizeRel|x64.Build.0 = MinSizeRel|x64
		{5B54A4CE-E718-3946-8FBC-803F3AC812CB}.RelWithDebInfo|x64.ActiveCfg = RelWithDebInfo|x64
		{5B54A4CE-E718-3946-8FBC-803F3AC812CB}.RelWithDebInfo|x64.Build.0 = RelWithDebInfo|x64
		{75C52B6E-6837-3D2E-85A7-2AE54DF3F926}.Debug|x64.ActiveCfg = Debug|x64
		{75C52B6E-6837-3D2E-85A7-2AE54DF3F926}.Debug|x64.Build.0 = Debug|x64
		{75C52B6E-6837-3D2E-85A7-2AE54DF3F926}.Release|x64.ActiveCfg = Release|x64
		{75C52B6E-6837-3D2E-85A7-2AE54DF3F926}.Release|x64.Build.0 = Release|x64
		{75C52B6E-6837-3D2E-85A7-2AE54DF3F926}.MinSizeRel|x64.ActiveCfg = MinSizeRel|x64
		{75C52B6E-6837-3D2E-85A7-2AE54DF3F926}.MinSizeRel|x64.Build.0 = MinSizeRel|x64
		{75C52B6E-6837-3D2E-85A7-2AE54DF3F926}.RelWithDebInfo|x64.ActiveCfg = RelWithDebInfo|x64
		{75C52B6E-6837-3D2E-85A7-2AE54DF3F926}.RelWithDebInfo|x64.Build.0 = RelWithDebInfo|x64
		{E9BC49C5-EA99-3EB9-94F9-7BA3B320EF74}.Debug|x64.ActiveCfg = Debug|x64
		{E9BC49C5-EA99-3EB9-94F9-7BA3B320EF74}.Debug|x64.Build.0 = Debug|x64
		{E9BC49C5-EA99-3EB9-94F9-7BA3B320EF74}.Release|x64.ActiveCfg = Release|x64
		{E9BC49C5-EA99-3EB9-94F9-7BA3B320EF74}.Release|x64.Build.0 = Release|x64
		{E9BC49C5-EA99-3EB9-94F9-7BA3B320EF74}.MinSizeRel|x64.ActiveCfg = MinSizeRel|x64
		{E9BC49C5-EA99-3EB9-94F9-7BA3B320EF74}.MinSizeRel|x64.Build.0 = MinSizeRel|x64
		{E9BC49C5-EA99-3EB9-94F9-7BA3B320EF74}.RelWithDebInfo|x64.ActiveCfg = RelWithDebInfo|x64
		{E9BC49C5-EA99-3EB9-94F9-7BA3B320EF74}.RelWithDebInfo|x64.Build.0 = RelWithDebInfo|x64
		{87CF3EC9-1D8C-3599-9703-CA2DDD89D7D9}.Debug|x64.ActiveCfg = Debug|x64
		{87CF3EC9-1D8C-3599-9703-CA2DDD89D7D9}.Debug|x64.Build.0 = Debug|x64
		{87CF3EC9-1D8C-3599-9703-CA2DDD89D7D9}.Release|x64.ActiveCfg = Release|x64
		{87CF3EC9-1D8C-3599-9703-CA2DDD89D7D9}.Release|x64.Build.0 = Release|x64
		{87CF3EC9-1D8C-3599-9703-CA2DDD89D7D9}.MinSizeRel|x64.ActiveCfg = MinSizeRel|x64
		{87CF3EC9-1D8C-3599-9703-CA2DDD89D7D9}.MinSizeRel|x64.Build.0 = MinSizeRel|x64
		{87CF3EC9-1D8C-3599-9703-CA2DDD89D7D9}.RelWithDebInfo|x64.ActiveCfg = RelWithDebInfo|x64
		{87CF3EC9-1D8C-3599-9703-CA2DDD89D7D9}.RelWithDebInfo|x64.Build.0 = RelWithDebInfo|x64
		{4326C3FC-BE44-315F-B42B-10ABF7BC2F90}.Debug|x64.ActiveCfg = Debug|x64
		{4326C3FC-BE44-315F-B42B-10ABF7BC2F90}.Debug|x64.Build.0 = Debug|x64
		{4326C3FC-BE44-315F-B42B-10ABF7BC2F90}.Release|x64.ActiveCfg = Release|x64
		{4326C3FC-BE44-315F-B42B-10ABF7BC2F90}.Release|x64.Build.0 = Release|x64
		{4326C3FC-BE44-315F-B42B-10ABF7BC2F90}.MinSizeRel|x64.ActiveCfg = MinSizeRel|x64
		{4326C3FC-BE44-315F-B42B-10ABF7BC2F90}.MinSizeRel|x64.Build.0 = MinSizeRel|x64
		{4326C3FC-BE44-315F-B42B-10ABF7BC2F90}.RelWithDebInfo|x64.ActiveCfg = RelWithDebInfo|x64
		{4326C3FC-BE44-315F-B42B-10ABF7BC2F90}.RelWithDebInfo|x64.Build.0 = RelWithDebInfo|x64
		{C57F1DD5-084D-3D3A-B630-6D141CAB73EB}.Debug|x64.ActiveCfg = Debug|x64
		{C57F1DD5-084D-3D3A-B630-6D141CAB73EB}.Debug|x64.Build.0 = Debug|x64
		{C57F1DD5-084D-3D3A-B630-6D141CAB73EB}.Release|x64.ActiveCfg = Release|x64
		{C57F1DD5-084D-3D3A-B630-6D141CAB73EB}.Release|x64.Build.0 = Release|x64
		{C57F1DD5-084D-3D3A-B630-6D141CAB73EB}.MinSizeRel|x64.ActiveCfg = MinSizeRel|x64
		{C57F1DD5-084D-3D3A-B630-6D141CAB73EB}.MinSizeRel|x64.Build.0 = MinSizeRel|x64
		{C57F1DD5-084D-3D3A-B630-6D141CAB73EB}.RelWithDebInfo|x64.ActiveCfg = RelWithDebInfo|x64
		{C57F1DD5-084D-3D3A-B630-6D141CAB73EB}.RelWithDebInfo|x64.Build.0 = RelWithDebInfo|x64
		{91821AFD-4FF6-3B4C-A6E7-826943863539}.Debug|x64.ActiveCfg = Debug|x64
		{91821AFD-4FF6-3B4C-A6E7-826943863539}.Debug|x64.Build.0 = Debug|x64
		{91821AFD-4FF6-3B4C-A6E7-826943863539}.Release|x64.ActiveCfg = Release|x64
		{91821AFD-4FF6-3B4C-A6E7-826943863539}.Release|x64.Build.0 = Release|x64
		{91821AFD-4FF6-3B4C-A6E7-826943863539}.MinSizeRel|x64.ActiveCfg = MinSizeRel|x64
		{91821AFD-4FF6-3B4C-A6E7-826943863539}.MinSizeRel|x64.Build.0 = MinSizeRel|x64
		{91821AFD-4FF6-3B4C-A6E7-826943863539}.RelWithDebInfo|x64.ActiveCfg = RelWithDebInfo|x64
		{91821AFD-4FF6-3B4C-A6E7-826943863539}.RelWithDebInfo|x64.Build.0 = RelWithDebInfo|x64
		{CF0A218A-C42E-3769-BE3C-FAD34C3354D8}.Debug|x64.ActiveCfg = Debug|x64
		{CF0A218A-C42E-3769-BE3C-FAD34C3354D8}.Debug|x64.Build.0 = Debug|x64
		{CF0A218A-C42E-3769-BE3C-FAD34C3354D8}.Release|x64.ActiveCfg = Release|x64
		{CF0A218A-C42E-3769-BE3C-FAD34C3354D8}.Release|x64.Build.0 = Release|x64
		{CF0A218A-C42E-3769-BE3C-FAD34C3354D8}.MinSizeRel|x64.ActiveCfg = MinSizeRel|x64
		{CF0A218A-C42E-3769-BE3C-FAD34C3354D8}.MinSizeRel|x64.Build.0 = MinSizeRel|x64
		{CF0A218A-C42E-3769-BE3C-FAD34C3354D8}.RelWithDebInfo|x64.ActiveCfg = RelWithDebInfo|x64
		{CF0A218A-C42E-3769-BE3C-FAD34C3354D8}.RelWithDebInfo|x64.Build.0 = RelWithDebInfo|x64
		{3CADED96-4FDB-394A-A93B-EB5715CAA0FF}.Debug|x64.ActiveCfg = Debug|x64
		{3CADED96-4FDB-394A-A93B-EB5715CAA0FF}.Release|x64.ActiveCfg = Release|x64
		{3CADED96-4FDB-394A-A93B-EB5715CAA0FF}.MinSizeRel|x64.ActiveCfg = MinSizeRel|x64
		{3CADED96-4FDB-394A-A93B-EB5715CAA0FF}.RelWithDebInfo|x64.ActiveCfg = RelWithDebInfo|x64
		{16797C81-94B4-3F04-BFFB-D22C4F54CBE5}.Debug|x64.ActiveCfg = Debug|x64
		{16797C81-94B4-3F04-BFFB-D22C4F54CBE5}.Release|x64.ActiveCfg = Release|x64
		{16797C81-94B4-3F04-BFFB-D22C4F54CBE5}.MinSizeRel|x64.ActiveCfg = MinSizeRel|x64
		{16797C81-94B4-3F04-BFFB-D22C4F54CBE5}.RelWithDebInfo|x64.ActiveCfg = RelWithDebInfo|x64
		{055BEC62-3B66-3B91-96D9-BAAD6EBC4B1D}.Debug|x64.ActiveCfg = Debug|x64
		{055BEC62-3B66-3B91-96D9-BAAD6EBC4B1D}.Debug|x64.Build.0 = Debug|x64
		{055BEC62-3B66-3B91-96D9-BAAD6EBC4B1D}.Release|x64.ActiveCfg = Release|x64
		{055BEC62-3B66-3B91-96D9-BAAD6EBC4B1D}.Release|x64.Build.0 = Release|x64
		{055BEC62-3B66-3B91-96D9-BAAD6EBC4B1D}.MinSizeRel|x64.ActiveCfg = MinSizeRel|x64
		{055BEC62-3B66-3B91-96D9-BAAD6EBC4B1D}.MinSizeRel|x64.Build.0 = MinSizeRel|x64
		{055BEC62-3B66-3B91-96D9-BAAD6EBC4B1D}.RelWithDebInfo|x64.ActiveCfg = RelWithDebInfo|x64
		{055BEC62-3B66-3B91-96D9-BAAD6EBC4B1D}.RelWithDebInfo|x64.Build.0 = RelWithDebInfo|x64
		{92D7912F-32B6-3FF6-93E1-E3D5B4FEB819}.Debug|x64.ActiveCfg = Debug|x64
		{92D7912F-32B6-3FF6-93E1-E3D5B4FEB819}.Debug|x64.Build.0 = Debug|x64
		{92D7912F-32B6-3FF6-93E1-E3D5B4FEB819}.Release|x64.ActiveCfg = Release|x64
		{92D7912F-32B6-3FF6-93E1-E3D5B4FEB819}.Release|x64.Build.0 = Release|x64
		{92D7912F-32B6-3FF6-93E1-E3D5B4FEB819}.MinSizeRel|x64.ActiveCfg = MinSizeRel|x64
		{92D7912F-32B6-3FF6-93E1-E3D5B4FEB819}.MinSizeRel|x64.Build.0 = MinSizeRel|x64
		{92D7912F-32B6-3FF6-93E1-E3D5B4FEB819}.RelWithDebInfo|x64.ActiveCfg = RelWithDebInfo|x64
		{92D7912F-32B6-3FF6-93E1-E3D5B4FEB819}.RelWithDebInfo|x64.Build.0 = RelWithDebInfo|x64
		{FD5A03DC-B57B-35C1-844E-E7333BBF0755}.Debug|x64.ActiveCfg = Debug|x64
		{FD5A03DC-B57B-35C1-844E-E7333BBF0755}.Debug|x64.Build.0 = Debug|x64
		{FD5A03DC-B57B-35C1-844E-E7333BBF0755}.Release|x64.ActiveCfg = Release|x64
		{FD5A03DC-B57B-35C1-844E-E7333BBF0755}.Release|x64.Build.0 = Release|x64
		{FD5A03DC-B57B-35C1-844E-E7333BBF0755}.MinSizeRel|x64.ActiveCfg = MinSizeRel|x64
		{FD5A03DC-B57B-35C1-844E-E7333BBF0755}.MinSizeRel|x64.Build.0 = MinSizeRel|x64
		{FD5A03DC-B57B-35C1-844E-E7333BBF0755}.RelWithDebInfo|x64.ActiveCfg = RelWithDebInfo|x64
		{FD5A03DC-B57B-35C1-844E-E7333BBF0755}.RelWithDebInfo|x64.Build.0 = RelWithDebInfo|x64
	EndGlobalSection
	GlobalSection(NestedProjects) = preSolution
		{847C85A3-E7F7-3E6D-88A8-16938A808B00} = {D5ABE29D-29C3-3E32-AE8A-DA5F28DD64DD}
		{CEE2A9AA-B577-3596-AC05-4EE89941ED3A} = {D5ABE29D-29C3-3E32-AE8A-DA5F28DD64DD}
		{F97D1CDF-1386-361F-B771-5C821766FDF5} = {D5ABE29D-29C3-3E32-AE8A-DA5F28DD64DD}
		{E6C13FCC-D52C-3362-86A3-C10BE94B7441} = {CCFB4510-2BAA-31B4-821A-B7A1AAF6F6EC}
		{0DAC3E42-E233-3FFE-96F0-A58BE929057B} = {CCFB4510-2BAA-31B4-821A-B7A1AAF6F6EC}
		{047EB6F1-E85A-346A-9147-4BBE6ABEB84D} = {CCFB4510-2BAA-31B4-821A-B7A1AAF6F6EC}
		{3CADED96-4FDB-394A-A93B-EB5715CAA0FF} = {CCFB4510-2BAA-31B4-821A-B7A1AAF6F6EC}
		{16797C81-94B4-3F04-BFFB-D22C4F54CBE5} = {CCFB4510-2BAA-31B4-821A-B7A1AAF6F6EC}
		{F3F6C016-0DE5-3074-B4EC-C4E50E46462D} = {E6C13FCC-D52C-3362-86A3-C10BE94B7441}
		{F184DECC-32E4-32FA-A0D1-285E22A61E1C} = {E6C13FCC-D52C-3362-86A3-C10BE94B7441}
		{E3BF2FE4-989E-315F-B986-4B22F6D32CD6} = {E6C13FCC-D52C-3362-86A3-C10BE94B7441}
		{7A4180F7-D13B-34A4-8918-5588B2F639FC} = {E6C13FCC-D52C-3362-86A3-C10BE94B7441}
		{AE89D489-2550-38DA-B65D-5968160C90E2} = {E6C13FCC-D52C-3362-86A3-C10BE94B7441}
		{F5712BC6-1557-39FE-806A-5EFDCFE21653} = {E6C13FCC-D52C-3362-86A3-C10BE94B7441}
		{5B54A4CE-E718-3946-8FBC-803F3AC812CB} = {E6C13FCC-D52C-3362-86A3-C10BE94B7441}
		{C57F1DD5-084D-3D3A-B630-6D141CAB73EB} = {E6C13FCC-D52C-3362-86A3-C10BE94B7441}
		{91821AFD-4FF6-3B4C-A6E7-826943863539} = {E6C13FCC-D52C-3362-86A3-C10BE94B7441}
		{055BEC62-3B66-3B91-96D9-BAAD6EBC4B1D} = {E6C13FCC-D52C-3362-86A3-C10BE94B7441}
		{FD5A03DC-B57B-35C1-844E-E7333BBF0755} = {E6C13FCC-D52C-3362-86A3-C10BE94B7441}
		{8208152A-284B-36EE-9F2B-E1E3BD5E9C33} = {0DAC3E42-E233-3FFE-96F0-A58BE929057B}
		{B587576D-898B-344E-83A2-05F8FCF8C4EC} = {0DAC3E42-E233-3FFE-96F0-A58BE929057B}
		{2434A2F6-5421-3E6A-942D-2A90DE2E33CF} = {0DAC3E42-E233-3FFE-96F0-A58BE929057B}
		{9C8BA361-9908-3B27-99C7-B519C4816CC1} = {0DAC3E42-E233-3FFE-96F0-A58BE929057B}
		{344FD3EE-13CC-34D4-A0A2-A5E3CAF6F7C8} = {0DAC3E42-E233-3FFE-96F0-A58BE929057B}
		{F8CF1CCC-8B75-3B78-B6EB-1DD1D878F72F} = {0DAC3E42-E233-3FFE-96F0-A58BE929057B}
		{5E6340D8-BFD8-367E-882F-68B426B465A0} = {0DAC3E42-E233-3FFE-96F0-A58BE929057B}
		{648F34CC-632A-3D46-A330-AE9085954B8D} = {0DAC3E42-E233-3FFE-96F0-A58BE929057B}
		{88F6ABBE-1E58-39A6-9FF9-DEA5E603AA08} = {0DAC3E42-E233-3FFE-96F0-A58BE929057B}
		{35C97722-9FE1-3C78-B95C-0062E1A302C4} = {0DAC3E42-E233-3FFE-96F0-A58BE929057B}
		{CD8BFE93-C7A9-373C-929D-8ED6758E3B75} = {0DAC3E42-E233-3FFE-96F0-A58BE929057B}
		{12257CB2-366E-3527-AEE6-8B25F59A5433} = {0DAC3E42-E233-3FFE-96F0-A58BE929057B}
		{586546C9-0161-309A-8F0B-85A769D7EA11} = {0DAC3E42-E233-3FFE-96F0-A58BE929057B}
		{E42F147B-374A-3464-BA91-7CB03A6258F0} = {0DAC3E42-E233-3FFE-96F0-A58BE929057B}
		{75C52B6E-6837-3D2E-85A7-2AE54DF3F926} = {0DAC3E42-E233-3FFE-96F0-A58BE929057B}
		{E9BC49C5-EA99-3EB9-94F9-7BA3B320EF74} = {0DAC3E42-E233-3FFE-96F0-A58BE929057B}
		{87CF3EC9-1D8C-3599-9703-CA2DDD89D7D9} = {0DAC3E42-E233-3FFE-96F0-A58BE929057B}
		{4326C3FC-BE44-315F-B42B-10ABF7BC2F90} = {0DAC3E42-E233-3FFE-96F0-A58BE929057B}
		{CF0A218A-C42E-3769-BE3C-FAD34C3354D8} = {0DAC3E42-E233-3FFE-96F0-A58BE929057B}
		{92D7912F-32B6-3FF6-93E1-E3D5B4FEB819} = {0DAC3E42-E233-3FFE-96F0-A58BE929057B}
	EndGlobalSection
	GlobalSection(ExtensibilityGlobals) = postSolution
		SolutionGuid = {1E931C0B-D5D1-3D2E-9E36-986F957149F8}
	EndGlobalSection
	GlobalSection(ExtensibilityAddIns) = postSolution
	EndGlobalSection
EndGlobal
